// !$*UTF8*$!
{
	archiveVersion = 1;
	classes = {
	};
	objectVersion = 56;
	objects = {

/* Begin PBXBuildFile section */
		5F0DC3FF2B268BDB00337E72 /* AppDelegate.swift in Sources */ = {isa = PBXBuildFile; fileRef = 5F0DC3FE2B268BDB00337E72 /* AppDelegate.swift */; };
		5F0DC4012B268BDB00337E72 /* SceneDelegate.swift in Sources */ = {isa = PBXBuildFile; fileRef = 5F0DC4002B268BDB00337E72 /* SceneDelegate.swift */; };
		5F0DC4032B268BDB00337E72 /* ViewController.swift in Sources */ = {isa = PBXBuildFile; fileRef = 5F0DC4022B268BDB00337E72 /* ViewController.swift */; };
		5F0DC4082B268BE400337E72 /* Assets.xcassets in Resources */ = {isa = PBXBuildFile; fileRef = 5F0DC4072B268BE400337E72 /* Assets.xcassets */; };
		5F0DC40B2B268BE400337E72 /* LaunchScreen.storyboard in Resources */ = {isa = PBXBuildFile; fileRef = 5F0DC4092B268BE400337E72 /* LaunchScreen.storyboard */; };
		5F0DC4142B268EB200337E72 /* ApiCaller.swift in Sources */ = {isa = PBXBuildFile; fileRef = 5F0DC4132B268EB200337E72 /* ApiCaller.swift */; };
		5F0DC4172B26912B00337E72 /* APIResponse.swift in Sources */ = {isa = PBXBuildFile; fileRef = 5F0DC4162B26912B00337E72 /* APIResponse.swift */; };
		5F0DC41A2B2696C900337E72 /* NewsTableViewCell.swift in Sources */ = {isa = PBXBuildFile; fileRef = 5F0DC4192B2696C900337E72 /* NewsTableViewCell.swift */; };
		5F0DC41D2B2697C300337E72 /* NewsTableViewCellViewModel.swift in Sources */ = {isa = PBXBuildFile; fileRef = 5F0DC41C2B2697C300337E72 /* NewsTableViewCellViewModel.swift */; };
/* End PBXBuildFile section */

/* Begin PBXFileReference section */
		5F0DC3FB2B268BDB00337E72 /* News.app */ = {isa = PBXFileReference; explicitFileType = wrapper.application; includeInIndex = 0; path = News.app; sourceTree = BUILT_PRODUCTS_DIR; };
		5F0DC3FE2B268BDB00337E72 /* AppDelegate.swift */ = {isa = PBXFileReference; lastKnownFileType = sourcecode.swift; path = AppDelegate.swift; sourceTree = "<group>"; };
		5F0DC4002B268BDB00337E72 /* SceneDelegate.swift */ = {isa = PBXFileReference; lastKnownFileType = sourcecode.swift; path = SceneDelegate.swift; sourceTree = "<group>"; };
		5F0DC4022B268BDB00337E72 /* ViewController.swift */ = {isa = PBXFileReference; lastKnownFileType = sourcecode.swift; path = ViewController.swift; sourceTree = "<group>"; };
		5F0DC4072B268BE400337E72 /* Assets.xcassets */ = {isa = PBXFileReference; lastKnownFileType = folder.assetcatalog; path = Assets.xcassets; sourceTree = "<group>"; };
		5F0DC40A2B268BE400337E72 /* Base */ = {isa = PBXFileReference; lastKnownFileType = file.storyboard; name = Base; path = Base.lproj/LaunchScreen.storyboard; sourceTree = "<group>"; };
		5F0DC40C2B268BE400337E72 /* Info.plist */ = {isa = PBXFileReference; lastKnownFileType = text.plist.xml; path = Info.plist; sourceTree = "<group>"; };
		5F0DC4132B268EB200337E72 /* ApiCaller.swift */ = {isa = PBXFileReference; lastKnownFileType = sourcecode.swift; path = ApiCaller.swift; sourceTree = "<group>"; };
		5F0DC4162B26912B00337E72 /* APIResponse.swift */ = {isa = PBXFileReference; lastKnownFileType = sourcecode.swift; path = APIResponse.swift; sourceTree = "<group>"; };
		5F0DC4192B2696C900337E72 /* NewsTableViewCell.swift */ = {isa = PBXFileReference; lastKnownFileType = sourcecode.swift; path = NewsTableViewCell.swift; sourceTree = "<group>"; };
		5F0DC41C2B2697C300337E72 /* NewsTableViewCellViewModel.swift */ = {isa = PBXFileReference; lastKnownFileType = sourcecode.swift; path = NewsTableViewCellViewModel.swift; sourceTree = "<group>"; };
/* End PBXFileReference section */

/* Begin PBXFrameworksBuildPhase section */
		5F0DC3F82B268BDB00337E72 /* Frameworks */ = {
			isa = PBXFrameworksBuildPhase;
			buildActionMask = 2147483647;
			files = (
			);
			runOnlyForDeploymentPostprocessing = 0;
		};
/* End PBXFrameworksBuildPhase section */

/* Begin PBXGroup section */
		5F0DC3F22B268BDB00337E72 = {
			isa = PBXGroup;
			children = (
				5F0DC3FD2B268BDB00337E72 /* News */,
				5F0DC3FC2B268BDB00337E72 /* Products */,
			);
			sourceTree = "<group>";
		};
		5F0DC3FC2B268BDB00337E72 /* Products */ = {
			isa = PBXGroup;
			children = (
				5F0DC3FB2B268BDB00337E72 /* News.app */,
			);
			name = Products;
			sourceTree = "<group>";
		};
		5F0DC3FD2B268BDB00337E72 /* News */ = {
			isa = PBXGroup;
			children = (
				5F0DC4152B26911400337E72 /* Model */,
				5FF25D882B2922EB0039BBF8 /* Controller */,
				5F0DC41B2B2697A100337E72 /* ViewModel */,
				5F0DC4182B26969F00337E72 /* TableViewCell */,
				5F0DC4122B268E9C00337E72 /* Network */,
				5F0DC40C2B268BE400337E72 /* Info.plist */,
				5FF25D892B2923E00039BBF8 /* Supporting Files */,
			);
			path = News;
			sourceTree = "<group>";
		};
		5F0DC4122B268E9C00337E72 /* Network */ = {
			isa = PBXGroup;
			children = (
				5F0DC4132B268EB200337E72 /* ApiCaller.swift */,
			);
			path = Network;
			sourceTree = "<group>";
		};
		5F0DC4152B26911400337E72 /* Model */ = {
			isa = PBXGroup;
			children = (
				5F0DC4162B26912B00337E72 /* APIResponse.swift */,
			);
			path = Model;
			sourceTree = "<group>";
		};
		5F0DC4182B26969F00337E72 /* TableViewCell */ = {
			isa = PBXGroup;
			children = (
				5F0DC4192B2696C900337E72 /* NewsTableViewCell.swift */,
			);
			path = TableViewCell;
			sourceTree = "<group>";
		};
		5F0DC41B2B2697A100337E72 /* ViewModel */ = {
			isa = PBXGroup;
			children = (
				5F0DC41C2B2697C300337E72 /* NewsTableViewCellViewModel.swift */,
			);
			path = ViewModel;
			sourceTree = "<group>";
		};
		5FF25D882B2922EB0039BBF8 /* Controller */ = {
			isa = PBXGroup;
			children = (
				5F0DC4022B268BDB00337E72 /* ViewController.swift */,
			);
			path = Controller;
			sourceTree = "<group>";
		};
		5FF25D892B2923E00039BBF8 /* Supporting Files */ = {
			isa = PBXGroup;
			children = (
				5F0DC4092B268BE400337E72 /* LaunchScreen.storyboard */,
				5F0DC4072B268BE400337E72 /* Assets.xcassets */,
				5F0DC4002B268BDB00337E72 /* SceneDelegate.swift */,
				5F0DC3FE2B268BDB00337E72 /* AppDelegate.swift */,
			);
			path = "Supporting Files";
			sourceTree = "<group>";
		};
/* End PBXGroup section */

/* Begin PBXNativeTarget section */
		5F0DC3FA2B268BDB00337E72 /* News */ = {
			isa = PBXNativeTarget;
			buildConfigurationList = 5F0DC40F2B268BE400337E72 /* Build configuration list for PBXNativeTarget "News" */;
			buildPhases = (
				5F0DC3F72B268BDB00337E72 /* Sources */,
				5F0DC3F82B268BDB00337E72 /* Frameworks */,
				5F0DC3F92B268BDB00337E72 /* Resources */,
			);
			buildRules = (
			);
			dependencies = (
			);
			name = News;
			productName = News;
			productReference = 5F0DC3FB2B268BDB00337E72 /* News.app */;
			productType = "com.apple.product-type.application";
		};
/* End PBXNativeTarget section */

/* Begin PBXProject section */
		5F0DC3F32B268BDB00337E72 /* Project object */ = {
			isa = PBXProject;
			attributes = {
				BuildIndependentTargetsInParallel = 1;
				LastSwiftUpdateCheck = 1430;
				LastUpgradeCheck = 1430;
				TargetAttributes = {
					5F0DC3FA2B268BDB00337E72 = {
						CreatedOnToolsVersion = 14.3.1;
					};
				};
			};
			buildConfigurationList = 5F0DC3F62B268BDB00337E72 /* Build configuration list for PBXProject "News" */;
			compatibilityVersion = "Xcode 14.0";
			developmentRegion = en;
			hasScannedForEncodings = 0;
			knownRegions = (
				en,
				Base,
			);
			mainGroup = 5F0DC3F22B268BDB00337E72;
			productRefGroup = 5F0DC3FC2B268BDB00337E72 /* Products */;
			projectDirPath = "";
			projectRoot = "";
			targets = (
				5F0DC3FA2B268BDB00337E72 /* News */,
			);
		};
/* End PBXProject section */

/* Begin PBXResourcesBuildPhase section */
		5F0DC3F92B268BDB00337E72 /* Resources */ = {
			isa = PBXResourcesBuildPhase;
			buildActionMask = 2147483647;
			files = (
				5F0DC40B2B268BE400337E72 /* LaunchScreen.storyboard in Resources */,
				5F0DC4082B268BE400337E72 /* Assets.xcassets in Resources */,
			);
			runOnlyForDeploymentPostprocessing = 0;
		};
/* End PBXResourcesBuildPhase section */

/* Begin PBXSourcesBuildPhase section */
		5F0DC3F72B268BDB00337E72 /* Sources */ = {
			isa = PBXSourcesBuildPhase;
			buildActionMask = 2147483647;
			files = (
				5F0DC4032B268BDB00337E72 /* ViewController.swift in Sources */,
				5F0DC3FF2B268BDB00337E72 /* AppDelegate.swift in Sources */,
				5F0DC41A2B2696C900337E72 /* NewsTableViewCell.swift in Sources */,
				5F0DC4012B268BDB00337E72 /* SceneDelegate.swift in Sources */,
				5F0DC41D2B2697C300337E72 /* NewsTableViewCellViewModel.swift in Sources */,
				5F0DC4172B26912B00337E72 /* APIResponse.swift in Sources */,
				5F0DC4142B268EB200337E72 /* ApiCaller.swift in Sources */,
			);
			runOnlyForDeploymentPostprocessing = 0;
		};
/* End PBXSourcesBuildPhase section */

/* Begin PBXVariantGroup section */
		5F0DC4092B268BE400337E72 /* LaunchScreen.storyboard */ = {
			isa = PBXVariantGroup;
			children = (
				5F0DC40A2B268BE400337E72 /* Base */,
			);
			name = LaunchScreen.storyboard;
			sourceTree = "<group>";
		};
/* End PBXVariantGroup section */

/* Begin XCBuildConfiguration section */
		5F0DC40D2B268BE400337E72 /* Debug */ = {
			isa = XCBuildConfiguration;
			buildSettings = {
				ALWAYS_SEARCH_USER_PATHS = NO;
				CLANG_ANALYZER_NONNULL = YES;
				CLANG_ANALYZER_NUMBER_OBJECT_CONVERSION = YES_AGGRESSIVE;
				CLANG_CXX_LANGUAGE_STANDARD = "gnu++20";
				CLANG_ENABLE_MODULES = YES;
				CLANG_ENABLE_OBJC_ARC = YES;
				CLANG_ENABLE_OBJC_WEAK = YES;
				CLANG_WARN_BLOCK_CAPTURE_AUTORELEASING = YES;
				CLANG_WARN_BOOL_CONVERSION = YES;
				CLANG_WARN_COMMA = YES;
				CLANG_WARN_CONSTANT_CONVERSION = YES;
				CLANG_WARN_DEPRECATED_OBJC_IMPLEMENTATIONS = YES;
				CLANG_WARN_DIRECT_OBJC_ISA_USAGE = YES_ERROR;
				CLANG_WARN_DOCUMENTATION_COMMENTS = YES;
				CLANG_WARN_EMPTY_BODY = YES;
				CLANG_WARN_ENUM_CONVERSION = YES;
				CLANG_WARN_INFINITE_RECURSION = YES;
				CLANG_WARN_INT_CONVERSION = YES;
				CLANG_WARN_NON_LITERAL_NULL_CONVERSION = YES;
				CLANG_WARN_OBJC_IMPLICIT_RETAIN_SELF = YES;
				CLANG_WARN_OBJC_LITERAL_CONVERSION = YES;
				CLANG_WARN_OBJC_ROOT_CLASS = YES_ERROR;
				CLANG_WARN_QUOTED_INCLUDE_IN_FRAMEWORK_HEADER = YES;
				CLANG_WARN_RANGE_LOOP_ANALYSIS = YES;
				CLANG_WARN_STRICT_PROTOTYPES = YES;
				CLANG_WARN_SUSPICIOUS_MOVE = YES;
				CLANG_WARN_UNGUARDED_AVAILABILITY = YES_AGGRESSIVE;
				CLANG_WARN_UNREACHABLE_CODE = YES;
				CLANG_WARN__DUPLICATE_METHOD_MATCH = YES;
				COPY_PHASE_STRIP = NO;
				DEBUG_INFORMATION_FORMAT = dwarf;
				ENABLE_STRICT_OBJC_MSGSEND = YES;
				ENABLE_TESTABILITY = YES;
				GCC_C_LANGUAGE_STANDARD = gnu11;
				GCC_DYNAMIC_NO_PIC = NO;
				GCC_NO_COMMON_BLOCKS = YES;
				GCC_OPTIMIZATION_LEVEL = 0;
				GCC_PREPROCESSOR_DEFINITIONS = (
					"DEBUG=1",
					"$(inherited)",
				);
				GCC_WARN_64_TO_32_BIT_CONVERSION = YES;
				GCC_WARN_ABOUT_RETURN_TYPE = YES_ERROR;
				GCC_WARN_UNDECLARED_SELECTOR = YES;
				GCC_WARN_UNINITIALIZED_AUTOS = YES_AGGRESSIVE;
				GCC_WARN_UNUSED_FUNCTION = YES;
				GCC_WARN_UNUSED_VARIABLE = YES;
				IPHONEOS_DEPLOYMENT_TARGET = 13.0;
				MTL_ENABLE_DEBUG_INFO = INCLUDE_SOURCE;
				MTL_FAST_MATH = YES;
				ONLY_ACTIVE_ARCH = YES;
				SDKROOT = iphoneos;
				SWIFT_ACTIVE_COMPILATION_CONDITIONS = DEBUG;
				SWIFT_OPTIMIZATION_LEVEL = "-Onone";
			};
			name = Debug;
		};
		5F0DC40E2B268BE400337E72 /* Release */ = {
			isa = XCBuildConfiguration;
			buildSettings = {
				ALWAYS_SEARCH_USER_PATHS = NO;
				CLANG_ANALYZER_NONNULL = YES;
				CLANG_ANALYZER_NUMBER_OBJECT_CONVERSION = YES_AGGRESSIVE;
				CLANG_CXX_LANGUAGE_STANDARD = "gnu++20";
				CLANG_ENABLE_MODULES = YES;
				CLANG_ENABLE_OBJC_ARC = YES;
				CLANG_ENABLE_OBJC_WEAK = YES;
				CLANG_WARN_BLOCK_CAPTURE_AUTORELEASING = YES;
				CLANG_WARN_BOOL_CONVERSION = YES;
				CLANG_WARN_COMMA = YES;
				CLANG_WARN_CONSTANT_CONVERSION = YES;
				CLANG_WARN_DEPRECATED_OBJC_IMPLEMENTATIONS = YES;
				CLANG_WARN_DIRECT_OBJC_ISA_USAGE = YES_ERROR;
				CLANG_WARN_DOCUMENTATION_COMMENTS = YES;
				CLANG_WARN_EMPTY_BODY = YES;
				CLANG_WARN_ENUM_CONVERSION = YES;
				CLANG_WARN_INFINITE_RECURSION = YES;
				CLANG_WARN_INT_CONVERSION = YES;
				CLANG_WARN_NON_LITERAL_NULL_CONVERSION = YES;
				CLANG_WARN_OBJC_IMPLICIT_RETAIN_SELF = YES;
				CLANG_WARN_OBJC_LITERAL_CONVERSION = YES;
				CLANG_WARN_OBJC_ROOT_CLASS = YES_ERROR;
				CLANG_WARN_QUOTED_INCLUDE_IN_FRAMEWORK_HEADER = YES;
				CLANG_WARN_RANGE_LOOP_ANALYSIS = YES;
				CLANG_WARN_STRICT_PROTOTYPES = YES;
				CLANG_WARN_SUSPICIOUS_MOVE = YES;
				CLANG_WARN_UNGUARDED_AVAILABILITY = YES_AGGRESSIVE;
				CLANG_WARN_UNREACHABLE_CODE = YES;
				CLANG_WARN__DUPLICATE_METHOD_MATCH = YES;
				COPY_PHASE_STRIP = NO;
				DEBUG_INFORMATION_FORMAT = "dwarf-with-dsym";
				ENABLE_NS_ASSERTIONS = NO;
				ENABLE_STRICT_OBJC_MSGSEND = YES;
				GCC_C_LANGUAGE_STANDARD = gnu11;
				GCC_NO_COMMON_BLOCKS = YES;
				GCC_WARN_64_TO_32_BIT_CONVERSION = YES;
				GCC_WARN_ABOUT_RETURN_TYPE = YES_ERROR;
				GCC_WARN_UNDECLARED_SELECTOR = YES;
				GCC_WARN_UNINITIALIZED_AUTOS = YES_AGGRESSIVE;
				GCC_WARN_UNUSED_FUNCTION = YES;
				GCC_WARN_UNUSED_VARIABLE = YES;
				IPHONEOS_DEPLOYMENT_TARGET = 13.0;
				MTL_ENABLE_DEBUG_INFO = NO;
				MTL_FAST_MATH = YES;
				SDKROOT = iphoneos;
				SWIFT_COMPILATION_MODE = wholemodule;
				SWIFT_OPTIMIZATION_LEVEL = "-O";
				VALIDATE_PRODUCT = YES;
			};
			name = Release;
		};
		5F0DC4102B268BE400337E72 /* Debug */ = {
			isa = XCBuildConfiguration;
			buildSettings = {
				ASSETCATALOG_COMPILER_APPICON_NAME = AppIcon;
				ASSETCATALOG_COMPILER_GLOBAL_ACCENT_COLOR_NAME = AccentColor;
				CODE_SIGN_STYLE = Automatic;
				CURRENT_PROJECT_VERSION = 1;
				DEVELOPMENT_TEAM = KV9PV8UPX3;
				GENERATE_INFOPLIST_FILE = YES;
				INFOPLIST_FILE = News/Info.plist;
				INFOPLIST_KEY_UIApplicationSupportsIndirectInputEvents = YES;
				INFOPLIST_KEY_UILaunchStoryboardName = LaunchScreen;
				INFOPLIST_KEY_UISupportedInterfaceOrientations = UIInterfaceOrientationPortrait;
				IPHONEOS_DEPLOYMENT_TARGET = 13.0;
				LD_RUNPATH_SEARCH_PATHS = (
					"$(inherited)",
					"@executable_path/Frameworks",
				);
				MARKETING_VERSION = 1.0;
				PRODUCT_BUNDLE_IDENTIFIER = ziya.zaidov.News;
				PRODUCT_NAME = "$(TARGET_NAME)";
				SUPPORTED_PLATFORMS = "iphoneos iphonesimulator";
				SUPPORTS_MACCATALYST = NO;
				SUPPORTS_MAC_DESIGNED_FOR_IPHONE_IPAD = NO;
				SWIFT_EMIT_LOC_STRINGS = YES;
				SWIFT_VERSION = 5.0;
				TARGETED_DEVICE_FAMILY = 1;
			};
			name = Debug;
		};
		5F0DC4112B268BE400337E72 /* Release */ = {
			isa = XCBuildConfiguration;
			buildSettings = {
				ASSETCATALOG_COMPILER_APPICON_NAME = AppIcon;
				ASSETCATALOG_COMPILER_GLOBAL_ACCENT_COLOR_NAME = AccentColor;
				CODE_SIGN_STYLE = Automatic;
				CURRENT_PROJECT_VERSION = 1;
				DEVELOPMENT_TEAM = KV9PV8UPX3;
				GENERATE_INFOPLIST_FILE = YES;
				INFOPLIST_FILE = News/Info.plist;
				INFOPLIST_KEY_UIApplicationSupportsIndirectInputEvents = YES;
				INFOPLIST_KEY_UILaunchStoryboardName = LaunchScreen;
				INFOPLIST_KEY_UISupportedInterfaceOrientations = UIInterfaceOrientationPortrait;
				IPHONEOS_DEPLOYMENT_TARGET = 13.0;
				LD_RUNPATH_SEARCH_PATHS = (
					"$(inherited)",
					"@executable_path/Frameworks",
				);
				MARKETING_VERSION = 1.0;
				PRODUCT_BUNDLE_IDENTIFIER = ziya.zaidov.News;
				PRODUCT_NAME = "$(TARGET_NAME)";
				SUPPORTED_PLATFORMS = "iphoneos iphonesimulator";
				SUPPORTS_MACCATALYST = NO;
				SUPPORTS_MAC_DESIGNED_FOR_IPHONE_IPAD = NO;
				SWIFT_EMIT_LOC_STRINGS = YES;
				SWIFT_VERSION = 5.0;
				TARGETED_DEVICE_FAMILY = 1;
			};
			name = Release;
		};
/* End XCBuildConfiguration section */

/* Begin XCConfigurationList section */
		5F0DC3F62B268BDB00337E72 /* Build configuration list for PBXProject "News" */ = {
			isa = XCConfigurationList;
			buildConfigurations = (
				5F0DC40D2B268BE400337E72 /* Debug */,
				5F0DC40E2B268BE400337E72 /* Release */,
			);
			defaultConfigurationIsVisible = 0;
			defaultConfigurationName = Release;
		};
		5F0DC40F2B268BE400337E72 /* Build configuration list for PBXNativeTarget "News" */ = {
			isa = XCConfigurationList;
			buildConfigurations = (
				5F0DC4102B268BE400337E72 /* Debug */,
				5F0DC4112B268BE400337E72 /* Release */,
			);
			defaultConfigurationIsVisible = 0;
			defaultConfigurationName = Release;
		};
/* End XCConfigurationList section */
	};
	rootObject = 5F0DC3F32B268BDB00337E72 /* Project object */;
}
